<?xml version="1.0" encoding="utf-8"?>
<Project ToolsVersion="4.0" xmlns="http://schemas.microsoft.com/developer/msbuild/2003">
  <ItemGroup>
    <Filter Include="Header Files">
      <UniqueIdentifier>{b30339d0-10c7-4716-87aa-c2d13b77974f}</UniqueIdentifier>
      <Extensions>h;hpp;hxx;hm;inl</Extensions>
    </Filter>
    <Filter Include="Resource Files">
      <UniqueIdentifier>{929a00dd-2fae-43c7-bd3e-72c719f9416e}</UniqueIdentifier>
      <Extensions>ico;cur;bmp;dlg;rc2;rct;bin;rgs;gif;jpg;jpeg;jpe</Extensions>
    </Filter>
    <Filter Include="Source Files">
      <UniqueIdentifier>{ef70d99a-a0af-4e7b-ae8f-f8185f3695cd}</UniqueIdentifier>
      <Extensions>cpp;c;cxx;rc;def;r;odl;idl;hpj;bat</Extensions>
    </Filter>
  </ItemGroup>
  <ItemGroup>
    <ClCompile Include="CComInitRAII.cpp">
      <Filter>Source Files</Filter>
    </ClCompile>
    <ClCompile Include="CComMessageFilter.cpp">
      <Filter>Source Files</Filter>
    </ClCompile>
    <ClCompile Include="CCompanyNameRotaryTablePlugin.cpp">
      <Filter>Source Files</Filter>
    </ClCompile>
    <ClCompile Include="CompanyNameRotaryTableDll.cpp">
      <Filter>Source Files</Filter>
    </ClCompile>
    <ClCompile Include="CThreadHelper.cpp">
      <Filter>Source Files</Filter>
    </ClCompile>
    <ClCompile Include="stdafx.cpp">
      <Filter>Source Files</Filter>
    </ClCompile>
  </ItemGroup>
  <ItemGroup>
    <None Include="CompanyNameRotaryTable.def">
      <Filter>Source Files</Filter>
    </None>
    <None Include="CompanyNameRotaryTablePlugin.rgs">
      <Filter>Resource Files</Filter>
    </None>
  </ItemGroup>
  <ItemGroup>
    <Midl Include="CompanyNameRotaryTable.idl">
      <Filter>Source Files</Filter>
    </Midl>
  </ItemGroup>
  <ItemGroup>
    <ClInclude Include="CComInitRAII.h">
      <Filter>Header Files</Filter>
    </ClInclude>
    <ClInclude Include="CComMessageFilter.h">
      <Filter>Header Files</Filter>
    </ClInclude>
    <ClInclude Include="CCompanyNameRotaryTablePlugin.h">
      <Filter>Header Files</Filter>
    </ClInclude>
    <ClInclude Include="CThreadHelper.h">
      <Filter>Header Files</Filter>
    </ClInclude>
    <ClInclude Include="Resource.h">
      <Filter>Header Files</Filter>
    </ClInclude>
    <ClInclude Include="stdafx.h">
      <Filter>Header Files</Filter>
    </ClInclude>
  </ItemGroup>
  <ItemGroup>
    <ResourceCompile Include="CompanyNameRotaryTable.rc">
      <Filter>Source Files</Filter>
    </ResourceCompile>
  </ItemGroup>
  <ItemGroup>
    <Text Include="HowToCreateYourOwnPlugin.txt" />
  </ItemGroup>
</Project>