<?xml version="1.0" encoding="utf-8"?>
<Project ToolsVersion="4.0" xmlns="http://schemas.microsoft.com/developer/msbuild/2003">
  <ItemGroup>
    <Filter Include="Source Files">
      <UniqueIdentifier>{c24ce453-bbd3-4e0b-957a-38f98c5c7ea7}</UniqueIdentifier>
      <Extensions>cpp;c;cxx;rc;def;r;odl;idl;hpj;bat</Extensions>
    </Filter>
    <Filter Include="Header Files">
      <UniqueIdentifier>{08f72a25-7645-4df2-82d0-13077746764f}</UniqueIdentifier>
      <Extensions>h;hpp;hxx;hm;inl</Extensions>
    </Filter>
    <Filter Include="Resource Files">
      <UniqueIdentifier>{81af3b1f-5cdc-4d56-8ac5-06499119a268}</UniqueIdentifier>
      <Extensions>ico;cur;bmp;dlg;rc2;rct;bin;rgs;gif;jpg;jpeg;jpe</Extensions>
    </Filter>
  </ItemGroup>
  <ItemGroup>
    <ClCompile Include="SimpleAlignment.cpp">
      <Filter>Source Files</Filter>
    </ClCompile>
    <ClCompile Include="CComInitRAII.cpp">
      <Filter>Source Files</Filter>
    </ClCompile>
    <ClCompile Include="CComMessageFilter.cpp">
      <Filter>Source Files</Filter>
    </ClCompile>
  </ItemGroup>
  <ItemGroup>
    <ClInclude Include="CComInitRAII.h">
      <Filter>Header Files</Filter>
    </ClInclude>
    <ClInclude Include="CComMessageFilter.h">
      <Filter>Header Files</Filter>
    </ClInclude>
  </ItemGroup>
</Project>