<?xml version="1.0" encoding="utf-8"?>
<Project ToolsVersion="4.0" xmlns="http://schemas.microsoft.com/developer/msbuild/2003">
  <ItemGroup>
    <Filter Include="Main">
      <UniqueIdentifier>{f643b1eb-6d39-45ec-90f0-e6fef87f6cee}</UniqueIdentifier>
    </Filter>
    <Filter Include="Resources">
      <UniqueIdentifier>{5c5917ab-9914-4c80-ab51-3963b117831c}</UniqueIdentifier>
    </Filter>
    <Filter Include="COM SDK">
      <UniqueIdentifier>{d369ec07-1257-4b63-a086-393c1a98f82a}</UniqueIdentifier>
    </Filter>
    <Filter Include="COM SDK\Util">
      <UniqueIdentifier>{daa324ba-79a0-4543-b0be-b863d916db2e}</UniqueIdentifier>
    </Filter>
    <Filter Include="C++ SDK">
      <UniqueIdentifier>{6efcc529-ac20-469c-a557-d30aecb52638}</UniqueIdentifier>
    </Filter>
  </ItemGroup>
  <ItemGroup>
    <ClCompile Include="CompanyName.cpp">
      <Filter>Main</Filter>
    </ClCompile>
    <ClCompile Include="stdafx.cpp">
      <Filter>Resources</Filter>
    </ClCompile>
    <ClCompile Include="CCompanyNameCommands.cpp">
      <Filter>COM SDK</Filter>
    </ClCompile>
    <ClCompile Include="CCompanyNameComPlugin.cpp">
      <Filter>COM SDK</Filter>
    </ClCompile>
    <ClCompile Include="CComCommand.cpp">
      <Filter>COM SDK\Util</Filter>
    </ClCompile>
    <ClCompile Include="CComCommandInfo.cpp">
      <Filter>COM SDK\Util</Filter>
    </ClCompile>
    <ClCompile Include="CComCommandInfoImpl.cpp">
      <Filter>COM SDK\Util</Filter>
    </ClCompile>
    <ClCompile Include="CComCommandParameter.cpp">
      <Filter>COM SDK\Util</Filter>
    </ClCompile>
    <ClCompile Include="CComCommandParameterEnum.cpp">
      <Filter>COM SDK\Util</Filter>
    </ClCompile>
    <ClCompile Include="CComCommandParameterEnumImpl.cpp">
      <Filter>COM SDK\Util</Filter>
    </ClCompile>
    <ClCompile Include="CComCommandParameterInfo.cpp">
      <Filter>COM SDK\Util</Filter>
    </ClCompile>
    <ClCompile Include="CComCommandParameterInfoImpl.cpp">
      <Filter>COM SDK\Util</Filter>
    </ClCompile>
    <ClCompile Include="SafeArrayConversion.cpp">
      <Filter>COM SDK\Util</Filter>
    </ClCompile>
    <ClCompile Include="CCompanyNameCppPlugin.cpp">
      <Filter>C++ SDK</Filter>
    </ClCompile>
    <ClCompile Include="CDlgVCppDialog.cpp">
      <Filter>C++ SDK</Filter>
    </ClCompile>
  </ItemGroup>
  <ItemGroup>
    <ResourceCompile Include="CompanyName.rc">
      <Filter>Resources</Filter>
    </ResourceCompile>
  </ItemGroup>
  <ItemGroup>
    <None Include="CompanyNameComPlugin.rgs">
      <Filter>Resources</Filter>
    </None>
    <None Include="CompanyName.def">
      <Filter>COM SDK</Filter>
    </None>
    <None Include="HowToCreateYourOwnPlugin.txt" />
  </ItemGroup>
  <ItemGroup>
    <ClInclude Include="resource.h">
      <Filter>Resources</Filter>
    </ClInclude>
    <ClInclude Include="stdafx.h">
      <Filter>Resources</Filter>
    </ClInclude>
    <ClInclude Include="CCompanyNameCommands.h">
      <Filter>COM SDK</Filter>
    </ClInclude>
    <ClInclude Include="CCompanyNameComPlugin.h">
      <Filter>COM SDK</Filter>
    </ClInclude>
    <ClInclude Include="CComCommand.h">
      <Filter>COM SDK\Util</Filter>
    </ClInclude>
    <ClInclude Include="CComCommandInfo.h">
      <Filter>COM SDK\Util</Filter>
    </ClInclude>
    <ClInclude Include="CComCommandInfoImpl.h">
      <Filter>COM SDK\Util</Filter>
    </ClInclude>
    <ClInclude Include="CComCommandParameter.h">
      <Filter>COM SDK\Util</Filter>
    </ClInclude>
    <ClInclude Include="CComCommandParameterEnum.h">
      <Filter>COM SDK\Util</Filter>
    </ClInclude>
    <ClInclude Include="CComCommandParameterEnumImpl.h">
      <Filter>COM SDK\Util</Filter>
    </ClInclude>
    <ClInclude Include="CComCommandParameterInfo.h">
      <Filter>COM SDK\Util</Filter>
    </ClInclude>
    <ClInclude Include="CComCommandParameterInfoImpl.h">
      <Filter>COM SDK\Util</Filter>
    </ClInclude>
    <ClInclude Include="SafeArrayConversion.h">
      <Filter>COM SDK\Util</Filter>
    </ClInclude>
    <ClInclude Include="StrUtil.h">
      <Filter>COM SDK\Util</Filter>
    </ClInclude>
    <ClInclude Include="CCompanyNameCppPlugin.h">
      <Filter>C++ SDK</Filter>
    </ClInclude>
    <ClInclude Include="CDlgVCppDialog.h">
      <Filter>C++ SDK</Filter>
    </ClInclude>
  </ItemGroup>
  <ItemGroup>
    <Midl Include="CompanyName.idl">
      <Filter>COM SDK</Filter>
    </Midl>
  </ItemGroup>
</Project>