<?xml version="1.0" encoding="utf-8"?>
<Project ToolsVersion="4.0" xmlns="http://schemas.microsoft.com/developer/msbuild/2003">
  <ItemGroup>
    <Filter Include="Source Files">
      <UniqueIdentifier>{7ccc8c77-1c49-4d29-8280-05ebcaef4596}</UniqueIdentifier>
      <Extensions>cpp;c;cxx;rc;def;r;odl;idl;hpj;bat</Extensions>
    </Filter>
    <Filter Include="Header Files">
      <UniqueIdentifier>{0c6427ee-e11f-47f0-94cc-f5ae5ef0581c}</UniqueIdentifier>
      <Extensions>h;hpp;hxx;hm;inl</Extensions>
    </Filter>
    <Filter Include="Resource Files">
      <UniqueIdentifier>{497496d3-0504-456a-90f5-be1afe809a01}</UniqueIdentifier>
      <Extensions>ico;cur;bmp;dlg;rc2;rct;bin;rgs;gif;jpg;jpeg;jpe</Extensions>
    </Filter>
  </ItemGroup>
  <ItemGroup>
    <ClCompile Include="WallCreation.cpp">
      <Filter>Source Files</Filter>
    </ClCompile>
    <ClCompile Include="CComInitRAII.cpp">
      <Filter>Source Files</Filter>
    </ClCompile>
    <ClCompile Include="CComMessageFilter.cpp">
      <Filter>Source Files</Filter>
    </ClCompile>
  </ItemGroup>
  <ItemGroup>
    <ClInclude Include="CComInitRAII.h">
      <Filter>Header Files</Filter>
    </ClInclude>
    <ClInclude Include="CComMessageFilter.h">
      <Filter>Header Files</Filter>
    </ClInclude>
  </ItemGroup>
</Project>